
Microsoft Visual Studio Solution File, Format Version 12.00
# Visual Studio Version 17
VisualStudioVersion = 17.5.002.0
MinimumVisualStudioVersion = 10.0.40219.1
Project("{9A19103F-16F7-4668-BE54-9A1E7A4F7556}") = "Ecom.Inventory", "Ecom.Inventory.csproj", "{3D0F4191-0628-4A2B-B6A6-B772CCE5BE6B}"
EndProject
Global
	GlobalSection(SolutionConfigurationPlatforms) = preSolution
		Debug|Any CPU = Debug|Any CPU
		Release|Any CPU = Release|Any CPU
	EndGlobalSection
	GlobalSection(ProjectConfigurationPlatforms) = postSolution
		{3D0F4191-0628-4A2B-B6A6-B772CCE5BE6B}.Debug|Any CPU.ActiveCfg = Debug|Any CPU
		{3D0F4191-0628-4A2B-B6A6-B772CCE5BE6B}.Debug|Any CPU.Build.0 = Debug|Any CPU
		{3D0F4191-0628-4A2B-B6A6-B772CCE5BE6B}.Release|Any CPU.ActiveCfg = Release|Any CPU
		{3D0F4191-0628-4A2B-B6A6-B772CCE5BE6B}.Release|Any CPU.Build.0 = Release|Any CPU
	EndGlobalSection
	GlobalSection(SolutionProperties) = preSolution
		HideSolutionNode = FALSE
	EndGlobalSection
	GlobalSection(ExtensibilityGlobals) = postSolution
		SolutionGuid = {5B66DF50-8A8B-407F-97EA-060B13218216}
	EndGlobalSection
EndGlobal
